
Microsoft Visual Studio Solution File, Format Version 12.00
# Visual Studio 2012
Project("{FAE04EC0-301F-11D3-BF4B-00C04F79EFBC}") = "Scada.RecordAnalysis", "Scada.RecordAnalysis\Scada.RecordAnalysis.csproj", "{169AD920-6917-4CA6-88F5-DBA1178C0F1A}"
EndProject
Project("{FAE04EC0-301F-11D3-BF4B-00C04F79EFBC}") = "Scada.Declare", "Scada.Declare\Scada.Declare.csproj", "{CC1F00BD-567A-4EFE-8F6E-C10E7183409D}"
EndProject
Project("{FAE04EC0-301F-11D3-BF4B-00C04F79EFBC}") = "Scada.VirtualAgent", "Scada.VirtualAgent\Scada.VirtualAgent.csproj", "{C1DB60BF-CA61-4438-A32D-BC378D1B9521}"
EndProject
Project("{FAE04EC0-301F-11D3-BF4B-00C04F79EFBC}") = "Scada.Main", "Scada.Main\Scada.Main.csproj", "{9613A59D-DEC5-4F0A-9694-9B3A22D6E61B}"
EndProject
Project("{FAE04EC0-301F-11D3-BF4B-00C04F79EFBC}") = "Scada.MainVision", "Scada.MainVision\Scada.MainVision.csproj", "{222D3901-CCFF-4846-90A2-E7513F7DD8C7}"
EndProject
Global
	GlobalSection(SolutionConfigurationPlatforms) = preSolution
		Debug|Any CPU = Debug|Any CPU
		Release|Any CPU = Release|Any CPU
	EndGlobalSection
	GlobalSection(ProjectConfigurationPlatforms) = postSolution
		{169AD920-6917-4CA6-88F5-DBA1178C0F1A}.Debug|Any CPU.ActiveCfg = Debug|Any CPU
		{169AD920-6917-4CA6-88F5-DBA1178C0F1A}.Debug|Any CPU.Build.0 = Debug|Any CPU
		{169AD920-6917-4CA6-88F5-DBA1178C0F1A}.Release|Any CPU.ActiveCfg = Release|Any CPU
		{169AD920-6917-4CA6-88F5-DBA1178C0F1A}.Release|Any CPU.Build.0 = Release|Any CPU
		{CC1F00BD-567A-4EFE-8F6E-C10E7183409D}.Debug|Any CPU.ActiveCfg = Debug|Any CPU
		{CC1F00BD-567A-4EFE-8F6E-C10E7183409D}.Debug|Any CPU.Build.0 = Debug|Any CPU
		{CC1F00BD-567A-4EFE-8F6E-C10E7183409D}.Release|Any CPU.ActiveCfg = Release|Any CPU
		{CC1F00BD-567A-4EFE-8F6E-C10E7183409D}.Release|Any CPU.Build.0 = Release|Any CPU
		{C1DB60BF-CA61-4438-A32D-BC378D1B9521}.Debug|Any CPU.ActiveCfg = Debug|Any CPU
		{C1DB60BF-CA61-4438-A32D-BC378D1B9521}.Debug|Any CPU.Build.0 = Debug|Any CPU
		{C1DB60BF-CA61-4438-A32D-BC378D1B9521}.Release|Any CPU.ActiveCfg = Release|Any CPU
		{C1DB60BF-CA61-4438-A32D-BC378D1B9521}.Release|Any CPU.Build.0 = Release|Any CPU
		{9613A59D-DEC5-4F0A-9694-9B3A22D6E61B}.Debug|Any CPU.ActiveCfg = Debug|Any CPU
		{9613A59D-DEC5-4F0A-9694-9B3A22D6E61B}.Debug|Any CPU.Build.0 = Debug|Any CPU
		{9613A59D-DEC5-4F0A-9694-9B3A22D6E61B}.Release|Any CPU.ActiveCfg = Release|Any CPU
		{9613A59D-DEC5-4F0A-9694-9B3A22D6E61B}.Release|Any CPU.Build.0 = Release|Any CPU
		{222D3901-CCFF-4846-90A2-E7513F7DD8C7}.Debug|Any CPU.ActiveCfg = Debug|Any CPU
		{222D3901-CCFF-4846-90A2-E7513F7DD8C7}.Debug|Any CPU.Build.0 = Debug|Any CPU
		{222D3901-CCFF-4846-90A2-E7513F7DD8C7}.Release|Any CPU.ActiveCfg = Release|Any CPU
		{222D3901-CCFF-4846-90A2-E7513F7DD8C7}.Release|Any CPU.Build.0 = Release|Any CPU
	EndGlobalSection
	GlobalSection(SolutionProperties) = preSolution
		HideSolutionNode = FALSE
	EndGlobalSection
EndGlobal
