
Microsoft Visual Studio Solution File, Format Version 11.00
# Visual Studio 2010
Project("{FAE04EC0-301F-11D3-BF4B-00C04F79EFBC}") = "Planisphere", "Planisphere\Planisphere.csproj", "{0DC3D51E-1672-4F47-8A9F-458CC0EADFC7}"
EndProject
Project("{FAE04EC0-301F-11D3-BF4B-00C04F79EFBC}") = "Planisphere.Web", "Planisphere.Web\Planisphere.Web.csproj", "{EBFF2AC3-D1F1-4DE2-84DE-884177502C34}"
EndProject
Global
	GlobalSection(SolutionConfigurationPlatforms) = preSolution
		Debug|Any CPU = Debug|Any CPU
		Release|Any CPU = Release|Any CPU
	EndGlobalSection
	GlobalSection(ProjectConfigurationPlatforms) = postSolution
		{0DC3D51E-1672-4F47-8A9F-458CC0EADFC7}.Debug|Any CPU.ActiveCfg = Debug|Any CPU
		{0DC3D51E-1672-4F47-8A9F-458CC0EADFC7}.Debug|Any CPU.Build.0 = Debug|Any CPU
		{0DC3D51E-1672-4F47-8A9F-458CC0EADFC7}.Release|Any CPU.ActiveCfg = Release|Any CPU
		{0DC3D51E-1672-4F47-8A9F-458CC0EADFC7}.Release|Any CPU.Build.0 = Release|Any CPU
		{EBFF2AC3-D1F1-4DE2-84DE-884177502C34}.Debug|Any CPU.ActiveCfg = Debug|Any CPU
		{EBFF2AC3-D1F1-4DE2-84DE-884177502C34}.Debug|Any CPU.Build.0 = Debug|Any CPU
		{EBFF2AC3-D1F1-4DE2-84DE-884177502C34}.Release|Any CPU.ActiveCfg = Release|Any CPU
		{EBFF2AC3-D1F1-4DE2-84DE-884177502C34}.Release|Any CPU.Build.0 = Release|Any CPU
	EndGlobalSection
	GlobalSection(SolutionProperties) = preSolution
		HideSolutionNode = FALSE
	EndGlobalSection
EndGlobal
