
Microsoft Visual Studio Solution File, Format Version 10.00
# Visual Studio 2008
Project("{FAE04EC0-301F-11D3-BF4B-00C04F79EFBC}") = "Bizcuit", "Bizcuit\Bizcuit.csproj", "{C43A4570-9E9E-4BA9-91CA-22128133809D}"
EndProject
Project("{FAE04EC0-301F-11D3-BF4B-00C04F79EFBC}") = "Bizcuit.Engine", "Bizcuit.Engine\Bizcuit.Engine.csproj", "{7376E845-84F3-4B3D-BAF4-97863E697F90}"
EndProject
Project("{FAE04EC0-301F-11D3-BF4B-00C04F79EFBC}") = "Bizcuit.Engine.Server", "Bizcuit.Engine.Server\Bizcuit.Engine.Server.csproj", "{49C45B6C-2FDF-480D-B929-F9E09F359610}"
EndProject
Project("{FAE04EC0-301F-11D3-BF4B-00C04F79EFBC}") = "Ferry", "..\Ferry\Ferry\Ferry.csproj", "{35B12BF2-8856-46A4-8B7A-C1B8F46E74A8}"
EndProject
Project("{FAE04EC0-301F-11D3-BF4B-00C04F79EFBC}") = "Ferry.Debug", "..\Ferry\Ferry.Debug\Ferry.Debug.csproj", "{A4B9F3B4-5D50-4D90-A314-A2FF7C0C20D2}"
EndProject
Project("{FAE04EC0-301F-11D3-BF4B-00C04F79EFBC}") = "Ferry.Test", "..\Ferry\Ferry.Test\Ferry.Test.csproj", "{39A490D1-0B96-4385-8BDC-C0F3CBA54172}"
EndProject
Global
	GlobalSection(SolutionConfigurationPlatforms) = preSolution
		Debug|Any CPU = Debug|Any CPU
		Release|Any CPU = Release|Any CPU
	EndGlobalSection
	GlobalSection(ProjectConfigurationPlatforms) = postSolution
		{C43A4570-9E9E-4BA9-91CA-22128133809D}.Debug|Any CPU.ActiveCfg = Debug|Any CPU
		{C43A4570-9E9E-4BA9-91CA-22128133809D}.Debug|Any CPU.Build.0 = Debug|Any CPU
		{C43A4570-9E9E-4BA9-91CA-22128133809D}.Release|Any CPU.ActiveCfg = Release|Any CPU
		{C43A4570-9E9E-4BA9-91CA-22128133809D}.Release|Any CPU.Build.0 = Release|Any CPU
		{7376E845-84F3-4B3D-BAF4-97863E697F90}.Debug|Any CPU.ActiveCfg = Debug|Any CPU
		{7376E845-84F3-4B3D-BAF4-97863E697F90}.Debug|Any CPU.Build.0 = Debug|Any CPU
		{7376E845-84F3-4B3D-BAF4-97863E697F90}.Release|Any CPU.ActiveCfg = Release|Any CPU
		{7376E845-84F3-4B3D-BAF4-97863E697F90}.Release|Any CPU.Build.0 = Release|Any CPU
		{49C45B6C-2FDF-480D-B929-F9E09F359610}.Debug|Any CPU.ActiveCfg = Debug|Any CPU
		{49C45B6C-2FDF-480D-B929-F9E09F359610}.Debug|Any CPU.Build.0 = Debug|Any CPU
		{49C45B6C-2FDF-480D-B929-F9E09F359610}.Release|Any CPU.ActiveCfg = Release|Any CPU
		{49C45B6C-2FDF-480D-B929-F9E09F359610}.Release|Any CPU.Build.0 = Release|Any CPU
		{35B12BF2-8856-46A4-8B7A-C1B8F46E74A8}.Debug|Any CPU.ActiveCfg = Debug|Any CPU
		{35B12BF2-8856-46A4-8B7A-C1B8F46E74A8}.Debug|Any CPU.Build.0 = Debug|Any CPU
		{35B12BF2-8856-46A4-8B7A-C1B8F46E74A8}.Release|Any CPU.ActiveCfg = Release|Any CPU
		{35B12BF2-8856-46A4-8B7A-C1B8F46E74A8}.Release|Any CPU.Build.0 = Release|Any CPU
		{A4B9F3B4-5D50-4D90-A314-A2FF7C0C20D2}.Debug|Any CPU.ActiveCfg = Debug|Any CPU
		{A4B9F3B4-5D50-4D90-A314-A2FF7C0C20D2}.Debug|Any CPU.Build.0 = Debug|Any CPU
		{A4B9F3B4-5D50-4D90-A314-A2FF7C0C20D2}.Release|Any CPU.ActiveCfg = Release|Any CPU
		{A4B9F3B4-5D50-4D90-A314-A2FF7C0C20D2}.Release|Any CPU.Build.0 = Release|Any CPU
		{39A490D1-0B96-4385-8BDC-C0F3CBA54172}.Debug|Any CPU.ActiveCfg = Debug|Any CPU
		{39A490D1-0B96-4385-8BDC-C0F3CBA54172}.Debug|Any CPU.Build.0 = Debug|Any CPU
		{39A490D1-0B96-4385-8BDC-C0F3CBA54172}.Release|Any CPU.ActiveCfg = Release|Any CPU
		{39A490D1-0B96-4385-8BDC-C0F3CBA54172}.Release|Any CPU.Build.0 = Release|Any CPU
	EndGlobalSection
	GlobalSection(SolutionProperties) = preSolution
		HideSolutionNode = FALSE
	EndGlobalSection
EndGlobal
