
Microsoft Visual Studio Solution File, Format Version 11.00
# Visual Studio 2010
Project("{FAE04EC0-301F-11D3-BF4B-00C04F79EFBC}") = "Planisphere.Demo", "Planisphere.Demo\Planisphere.Demo.csproj", "{13766133-7508-4004-8FF2-D23833666935}"
EndProject
Project("{FAE04EC0-301F-11D3-BF4B-00C04F79EFBC}") = "Planisphere.Demo.Web", "Planisphere.Demo.Web\Planisphere.Demo.Web.csproj", "{887B85A2-8221-426F-AC46-CD416BBC59BF}"
EndProject
Global
	GlobalSection(SolutionConfigurationPlatforms) = preSolution
		Debug|Any CPU = Debug|Any CPU
		Release|Any CPU = Release|Any CPU
	EndGlobalSection
	GlobalSection(ProjectConfigurationPlatforms) = postSolution
		{13766133-7508-4004-8FF2-D23833666935}.Debug|Any CPU.ActiveCfg = Debug|Any CPU
		{13766133-7508-4004-8FF2-D23833666935}.Debug|Any CPU.Build.0 = Debug|Any CPU
		{13766133-7508-4004-8FF2-D23833666935}.Release|Any CPU.ActiveCfg = Release|Any CPU
		{13766133-7508-4004-8FF2-D23833666935}.Release|Any CPU.Build.0 = Release|Any CPU
		{887B85A2-8221-426F-AC46-CD416BBC59BF}.Debug|Any CPU.ActiveCfg = Debug|Any CPU
		{887B85A2-8221-426F-AC46-CD416BBC59BF}.Debug|Any CPU.Build.0 = Debug|Any CPU
		{887B85A2-8221-426F-AC46-CD416BBC59BF}.Release|Any CPU.ActiveCfg = Release|Any CPU
		{887B85A2-8221-426F-AC46-CD416BBC59BF}.Release|Any CPU.Build.0 = Release|Any CPU
	EndGlobalSection
	GlobalSection(SolutionProperties) = preSolution
		HideSolutionNode = FALSE
	EndGlobalSection
EndGlobal
